Microsoft Visual Studio Solution File, Format Version 12.00
# Visual Studio Version 17
VisualStudioVersion = 17.0.31314.256
MinimumVisualStudioVersion = 10.0.40219.1
Project("{FAE04EC0-301F-11D3-BF4B-00C04F79EFBC}") = "Game", "Source\Game.csproj", "{0458F9D3-73FA-4F74-B873-016F12267D75}"
EndProject
Project("{FAE04EC0-301F-11D3-BF4B-00C04F79EFBC}") = "BuildScripts", "Cache\Projects\BuildScripts.csproj", "{FA91DD23-CBBA-432F-8EB6-0C41DB666C27}"
EndProject
Global
	GlobalSection(SolutionConfigurationPlatforms) = preSolution
		Editor.Debug|Win64 = Editor.Debug|Win64
		Editor.Development|Win64 = Editor.Development|Win64
		Editor.Release|Win64 = Editor.Release|Win64
		Game.Debug|Win64 = Game.Debug|Win64
		Game.Development|Win64 = Game.Development|Win64
		Game.Release|Win64 = Game.Release|Win64
	EndGlobalSection
	GlobalSection(ProjectConfigurationPlatforms) = postSolution
		{0458F9D3-73FA-4F74-B873-016F12267D75}.Editor.Debug|Win64.ActiveCfg = Editor.Windows.Debug|x64
		{0458F9D3-73FA-4F74-B873-016F12267D75}.Editor.Debug|Win64.Build.0 = Editor.Windows.Debug|x64
		{0458F9D3-73FA-4F74-B873-016F12267D75}.Editor.Development|Win64.ActiveCfg = Editor.Windows.Development|x64
		{0458F9D3-73FA-4F74-B873-016F12267D75}.Editor.Development|Win64.Build.0 = Editor.Windows.Development|x64
		{0458F9D3-73FA-4F74-B873-016F12267D75}.Editor.Release|Win64.ActiveCfg = Editor.Windows.Release|x64
		{0458F9D3-73FA-4F74-B873-016F12267D75}.Editor.Release|Win64.Build.0 = Editor.Windows.Release|x64
		{0458F9D3-73FA-4F74-B873-016F12267D75}.Game.Debug|Win64.ActiveCfg = Game.Windows.Debug|x64
		{0458F9D3-73FA-4F74-B873-016F12267D75}.Game.Debug|Win64.Build.0 = Game.Windows.Debug|x64
		{0458F9D3-73FA-4F74-B873-016F12267D75}.Game.Development|Win64.ActiveCfg = Game.Windows.Development|x64
		{0458F9D3-73FA-4F74-B873-016F12267D75}.Game.Development|Win64.Build.0 = Game.Windows.Development|x64
		{0458F9D3-73FA-4F74-B873-016F12267D75}.Game.Release|Win64.ActiveCfg = Game.Windows.Release|x64
		{0458F9D3-73FA-4F74-B873-016F12267D75}.Game.Release|Win64.Build.0 = Game.Windows.Release|x64
		{FA91DD23-CBBA-432F-8EB6-0C41DB666C27}.Editor.Debug|Win64.ActiveCfg = Debug|Any CPU
		{FA91DD23-CBBA-432F-8EB6-0C41DB666C27}.Editor.Development|Win64.ActiveCfg = Debug|Any CPU
		{FA91DD23-CBBA-432F-8EB6-0C41DB666C27}.Editor.Release|Win64.ActiveCfg = Debug|Any CPU
		{FA91DD23-CBBA-432F-8EB6-0C41DB666C27}.Game.Debug|Win64.ActiveCfg = Debug|Any CPU
		{FA91DD23-CBBA-432F-8EB6-0C41DB666C27}.Game.Development|Win64.ActiveCfg = Debug|Any CPU
		{FA91DD23-CBBA-432F-8EB6-0C41DB666C27}.Game.Release|Win64.ActiveCfg = Debug|Any CPU
	EndGlobalSection
	GlobalSection(SolutionProperties) = preSolution
		HideSolutionNode = FALSE
	EndGlobalSection
	GlobalSection(NestedProjects) = preSolution
	EndGlobalSection
	GlobalSection(ExtensibilityGlobals) = postSolution
		SolutionGuid = {36B4208E-907F-4F61-8F5E-A0BB24ABBFB3}
	EndGlobalSection
EndGlobal
